
Microsoft Visual Studio Solution File, Format Version 12.00
# Visual Studio Version 17
VisualStudioVersion = 17.14.36414.22 d17.14
MinimumVisualStudioVersion = 10.0.40219.1
Project("{FAE04EC0-301F-11D3-BF4B-00C04F79EFBC}") = "Game Window", "Game Window\Game Window.csproj", "{12A815E2-0EAC-426E-AC44-D782E4B27E4E}"
EndProject
Global
	GlobalSection(SolutionConfigurationPlatforms) = preSolution
		Debug|Any CPU = Debug|Any CPU
		Release|Any CPU = Release|Any CPU
	EndGlobalSection
	GlobalSection(ProjectConfigurationPlatforms) = postSolution
		{12A815E2-0EAC-426E-AC44-D782E4B27E4E}.Debug|Any CPU.ActiveCfg = Debug|Any CPU
		{12A815E2-0EAC-426E-AC44-D782E4B27E4E}.Debug|Any CPU.Build.0 = Debug|Any CPU
		{12A815E2-0EAC-426E-AC44-D782E4B27E4E}.Release|Any CPU.ActiveCfg = Release|Any CPU
		{12A815E2-0EAC-426E-AC44-D782E4B27E4E}.Release|Any CPU.Build.0 = Release|Any CPU
	EndGlobalSection
	GlobalSection(SolutionProperties) = preSolution
		HideSolutionNode = FALSE
	EndGlobalSection
	GlobalSection(ExtensibilityGlobals) = postSolution
		SolutionGuid = {4A7F2E76-BDD5-4447-B264-FFC2CEB18A96}
	EndGlobalSection
EndGlobal
